// !$*UTF8*$!
{
	archiveVersion = 1;
	classes = {
	};
	objectVersion = 50;
	objects = {

/* Begin PBXBuildFile section */
		0104BCF8232ADC1700B48B80 /* AppDelegate.swift in Sources */ = {isa = PBXBuildFile; fileRef = 0104BCF7232ADC1700B48B80 /* AppDelegate.swift */; };
		0104BD01232ADC1900B48B80 /* Assets.xcassets in Resources */ = {isa = PBXBuildFile; fileRef = 0104BD00232ADC1900B48B80 /* Assets.xcassets */; };
		0104BD04232ADC1900B48B80 /* LaunchScreen.storyboard in Resources */ = {isa = PBXBuildFile; fileRef = 0104BD02232ADC1900B48B80 /* LaunchScreen.storyboard */; };
		0104BD0F232ADC1900B48B80 /* TronaldDumpTests.swift in Sources */ = {isa = PBXBuildFile; fileRef = 0104BD0E232ADC1900B48B80 /* TronaldDumpTests.swift */; };
		0104BD24232ADD3D00B48B80 /* ServiceContainer.swift in Sources */ = {isa = PBXBuildFile; fileRef = 0104BD23232ADD3D00B48B80 /* ServiceContainer.swift */; };
		0104BD2C232ADE3A00B48B80 /* Coordinator.swift in Sources */ = {isa = PBXBuildFile; fileRef = 0104BD2B232ADE3A00B48B80 /* Coordinator.swift */; };
		0104BD2F232ADED300B48B80 /* TagListViewModel.swift in Sources */ = {isa = PBXBuildFile; fileRef = 0104BD2E232ADED300B48B80 /* TagListViewModel.swift */; };
		0104BD31232ADF1A00B48B80 /* TagListViewController.swift in Sources */ = {isa = PBXBuildFile; fileRef = 0104BD30232ADF1A00B48B80 /* TagListViewController.swift */; };
		0104BD33232ADF6E00B48B80 /* TagListView.swift in Sources */ = {isa = PBXBuildFile; fileRef = 0104BD32232ADF6E00B48B80 /* TagListView.swift */; };
		01CA132A232B9B5200441423 /* TagViewModel.swift in Sources */ = {isa = PBXBuildFile; fileRef = 01CA1329232B9B5200441423 /* TagViewModel.swift */; };
		01CA132C232B9B6A00441423 /* TagViewController.swift in Sources */ = {isa = PBXBuildFile; fileRef = 01CA132B232B9B6A00441423 /* TagViewController.swift */; };
		01CA132E232B9B8300441423 /* TagView.swift in Sources */ = {isa = PBXBuildFile; fileRef = 01CA132D232B9B8300441423 /* TagView.swift */; };
		01F8AEF4232AEA63009CCAE1 /* Tag.swift in Sources */ = {isa = PBXBuildFile; fileRef = 01F8AEF3232AEA63009CCAE1 /* Tag.swift */; };
		01F8AEF7232AF3A7009CCAE1 /* CloudService.swift in Sources */ = {isa = PBXBuildFile; fileRef = 01F8AEF6232AF3A7009CCAE1 /* CloudService.swift */; };
		01F8AEF9232AF4A8009CCAE1 /* HTTPMethod.swift in Sources */ = {isa = PBXBuildFile; fileRef = 01F8AEF8232AF4A8009CCAE1 /* HTTPMethod.swift */; };
		01F8AEFB232AF58E009CCAE1 /* CloudRequest.swift in Sources */ = {isa = PBXBuildFile; fileRef = 01F8AEFA232AF58E009CCAE1 /* CloudRequest.swift */; };
		01F8AF02232B0D0A009CCAE1 /* URLExtensions.swift in Sources */ = {isa = PBXBuildFile; fileRef = 01F8AF01232B0D0A009CCAE1 /* URLExtensions.swift */; };
		01F8AF04232B0EC1009CCAE1 /* CloudConfiguration.swift in Sources */ = {isa = PBXBuildFile; fileRef = 01F8AF03232B0EC1009CCAE1 /* CloudConfiguration.swift */; };
		01F8AF07232B2623009CCAE1 /* TagService.swift in Sources */ = {isa = PBXBuildFile; fileRef = 01F8AF06232B2623009CCAE1 /* TagService.swift */; };
/* End PBXBuildFile section */

/* Begin PBXContainerItemProxy section */
		0104BD0B232ADC1900B48B80 /* PBXContainerItemProxy */ = {
			isa = PBXContainerItemProxy;
			containerPortal = 0104BCEC232ADC1600B48B80 /* Project object */;
			proxyType = 1;
			remoteGlobalIDString = 0104BCF3232ADC1600B48B80;
			remoteInfo = TronaldDump;
		};
/* End PBXContainerItemProxy section */

/* Begin PBXFileReference section */
		0104BCF4232ADC1600B48B80 /* TronaldDump.app */ = {isa = PBXFileReference; explicitFileType = wrapper.application; includeInIndex = 0; path = TronaldDump.app; sourceTree = BUILT_PRODUCTS_DIR; };
		0104BCF7232ADC1700B48B80 /* AppDelegate.swift */ = {isa = PBXFileReference; lastKnownFileType = sourcecode.swift; path = AppDelegate.swift; sourceTree = "<group>"; };
		0104BD00232ADC1900B48B80 /* Assets.xcassets */ = {isa = PBXFileReference; lastKnownFileType = folder.assetcatalog; path = Assets.xcassets; sourceTree = "<group>"; };
		0104BD03232ADC1900B48B80 /* Base */ = {isa = PBXFileReference; lastKnownFileType = file.storyboard; name = Base; path = Base.lproj/LaunchScreen.storyboard; sourceTree = "<group>"; };
		0104BD05232ADC1900B48B80 /* Info.plist */ = {isa = PBXFileReference; lastKnownFileType = text.plist.xml; path = Info.plist; sourceTree = "<group>"; };
		0104BD0A232ADC1900B48B80 /* TronaldDumpTests.xctest */ = {isa = PBXFileReference; explicitFileType = wrapper.cfbundle; includeInIndex = 0; path = TronaldDumpTests.xctest; sourceTree = BUILT_PRODUCTS_DIR; };
		0104BD0E232ADC1900B48B80 /* TronaldDumpTests.swift */ = {isa = PBXFileReference; lastKnownFileType = sourcecode.swift; path = TronaldDumpTests.swift; sourceTree = "<group>"; };
		0104BD10232ADC1900B48B80 /* Info.plist */ = {isa = PBXFileReference; lastKnownFileType = text.plist.xml; path = Info.plist; sourceTree = "<group>"; };
		0104BD23232ADD3D00B48B80 /* ServiceContainer.swift */ = {isa = PBXFileReference; lastKnownFileType = sourcecode.swift; name = ServiceContainer.swift; path = TronaldDump/Source/App/ServiceContainer.swift; sourceTree = SOURCE_ROOT; };
		0104BD2B232ADE3A00B48B80 /* Coordinator.swift */ = {isa = PBXFileReference; lastKnownFileType = sourcecode.swift; path = Coordinator.swift; sourceTree = "<group>"; };
		0104BD2E232ADED300B48B80 /* TagListViewModel.swift */ = {isa = PBXFileReference; lastKnownFileType = sourcecode.swift; path = TagListViewModel.swift; sourceTree = "<group>"; };
		0104BD30232ADF1A00B48B80 /* TagListViewController.swift */ = {isa = PBXFileReference; lastKnownFileType = sourcecode.swift; path = TagListViewController.swift; sourceTree = "<group>"; };
		0104BD32232ADF6E00B48B80 /* TagListView.swift */ = {isa = PBXFileReference; lastKnownFileType = sourcecode.swift; path = TagListView.swift; sourceTree = "<group>"; };
		01CA1329232B9B5200441423 /* TagViewModel.swift */ = {isa = PBXFileReference; lastKnownFileType = sourcecode.swift; path = TagViewModel.swift; sourceTree = "<group>"; };
		01CA132B232B9B6A00441423 /* TagViewController.swift */ = {isa = PBXFileReference; lastKnownFileType = sourcecode.swift; path = TagViewController.swift; sourceTree = "<group>"; };
		01CA132D232B9B8300441423 /* TagView.swift */ = {isa = PBXFileReference; lastKnownFileType = sourcecode.swift; path = TagView.swift; sourceTree = "<group>"; };
		01F8AEF3232AEA63009CCAE1 /* Tag.swift */ = {isa = PBXFileReference; lastKnownFileType = sourcecode.swift; path = Tag.swift; sourceTree = "<group>"; };
		01F8AEF6232AF3A7009CCAE1 /* CloudService.swift */ = {isa = PBXFileReference; lastKnownFileType = sourcecode.swift; path = CloudService.swift; sourceTree = "<group>"; };
		01F8AEF8232AF4A8009CCAE1 /* HTTPMethod.swift */ = {isa = PBXFileReference; lastKnownFileType = sourcecode.swift; path = HTTPMethod.swift; sourceTree = "<group>"; };
		01F8AEFA232AF58E009CCAE1 /* CloudRequest.swift */ = {isa = PBXFileReference; lastKnownFileType = sourcecode.swift; path = CloudRequest.swift; sourceTree = "<group>"; };
		01F8AF01232B0D0A009CCAE1 /* URLExtensions.swift */ = {isa = PBXFileReference; lastKnownFileType = sourcecode.swift; path = URLExtensions.swift; sourceTree = "<group>"; };
		01F8AF03232B0EC1009CCAE1 /* CloudConfiguration.swift */ = {isa = PBXFileReference; lastKnownFileType = sourcecode.swift; path = CloudConfiguration.swift; sourceTree = "<group>"; };
		01F8AF06232B2623009CCAE1 /* TagService.swift */ = {isa = PBXFileReference; lastKnownFileType = sourcecode.swift; path = TagService.swift; sourceTree = "<group>"; };
/* End PBXFileReference section */

/* Begin PBXFrameworksBuildPhase section */
		0104BCF1232ADC1600B48B80 /* Frameworks */ = {
			isa = PBXFrameworksBuildPhase;
			buildActionMask = 2147483647;
			files = (
			);
			runOnlyForDeploymentPostprocessing = 0;
		};
		0104BD07232ADC1900B48B80 /* Frameworks */ = {
			isa = PBXFrameworksBuildPhase;
			buildActionMask = 2147483647;
			files = (
			);
			runOnlyForDeploymentPostprocessing = 0;
		};
/* End PBXFrameworksBuildPhase section */

/* Begin PBXGroup section */
		0104BCEB232ADC1600B48B80 = {
			isa = PBXGroup;
			children = (
				0104BCF6232ADC1600B48B80 /* TronaldDump */,
				0104BD0D232ADC1900B48B80 /* TronaldDumpTests */,
				0104BCF5232ADC1600B48B80 /* Products */,
			);
			sourceTree = "<group>";
		};
		0104BCF5232ADC1600B48B80 /* Products */ = {
			isa = PBXGroup;
			children = (
				0104BCF4232ADC1600B48B80 /* TronaldDump.app */,
				0104BD0A232ADC1900B48B80 /* TronaldDumpTests.xctest */,
			);
			name = Products;
			sourceTree = "<group>";
		};
		0104BCF6232ADC1600B48B80 /* TronaldDump */ = {
			isa = PBXGroup;
			children = (
				0104BD1E232ADCD600B48B80 /* Configuration */,
				0104BD1D232ADCC900B48B80 /* Resources */,
				0104BD19232ADC7A00B48B80 /* Source */,
			);
			path = TronaldDump;
			sourceTree = "<group>";
		};
		0104BD0D232ADC1900B48B80 /* TronaldDumpTests */ = {
			isa = PBXGroup;
			children = (
				0104BD0E232ADC1900B48B80 /* TronaldDumpTests.swift */,
				0104BD10232ADC1900B48B80 /* Info.plist */,
			);
			path = TronaldDumpTests;
			sourceTree = "<group>";
		};
		0104BD19232ADC7A00B48B80 /* Source */ = {
			isa = PBXGroup;
			children = (
				0104BD1A232ADC9D00B48B80 /* App */,
				0104BD20232ADCF700B48B80 /* Coordinator */,
				0104BD1F232ADCEA00B48B80 /* Views */,
				0104BD21232ADCFC00B48B80 /* Services */,
				0104BD22232ADD1B00B48B80 /* Utils */,
			);
			path = Source;
			sourceTree = "<group>";
		};
		0104BD1A232ADC9D00B48B80 /* App */ = {
			isa = PBXGroup;
			children = (
				0104BCF7232ADC1700B48B80 /* AppDelegate.swift */,
			);
			path = App;
			sourceTree = "<group>";
		};
		0104BD1D232ADCC900B48B80 /* Resources */ = {
			isa = PBXGroup;
			children = (
				0104BD00232ADC1900B48B80 /* Assets.xcassets */,
				0104BD02232ADC1900B48B80 /* LaunchScreen.storyboard */,
			);
			path = Resources;
			sourceTree = "<group>";
		};
		0104BD1E232ADCD600B48B80 /* Configuration */ = {
			isa = PBXGroup;
			children = (
				0104BD05232ADC1900B48B80 /* Info.plist */,
			);
			path = Configuration;
			sourceTree = "<group>";
		};
		0104BD1F232ADCEA00B48B80 /* Views */ = {
			isa = PBXGroup;
			children = (
				0104BD2D232ADEC400B48B80 /* TagList */,
				01CA1326232B9A4000441423 /* Tag */,
			);
			path = Views;
			sourceTree = "<group>";
		};
		0104BD20232ADCF700B48B80 /* Coordinator */ = {
			isa = PBXGroup;
			children = (
				0104BD2B232ADE3A00B48B80 /* Coordinator.swift */,
			);
			path = Coordinator;
			sourceTree = "<group>";
		};
		0104BD21232ADCFC00B48B80 /* Services */ = {
			isa = PBXGroup;
			children = (
				0104BD23232ADD3D00B48B80 /* ServiceContainer.swift */,
				01F8AEF5232AF395009CCAE1 /* Cloud */,
				01F8AF05232B2614009CCAE1 /* Tag */,
			);
			path = Services;
			sourceTree = "<group>";
		};
		0104BD22232ADD1B00B48B80 /* Utils */ = {
			isa = PBXGroup;
			children = (
				01F8AF01232B0D0A009CCAE1 /* URLExtensions.swift */,
			);
			path = Utils;
			sourceTree = "<group>";
		};
		0104BD2D232ADEC400B48B80 /* TagList */ = {
			isa = PBXGroup;
			children = (
				0104BD2E232ADED300B48B80 /* TagListViewModel.swift */,
				0104BD30232ADF1A00B48B80 /* TagListViewController.swift */,
				0104BD32232ADF6E00B48B80 /* TagListView.swift */,
			);
			path = TagList;
			sourceTree = "<group>";
		};
		01CA1326232B9A4000441423 /* Tag */ = {
			isa = PBXGroup;
			children = (
				01CA1329232B9B5200441423 /* TagViewModel.swift */,
				01CA132B232B9B6A00441423 /* TagViewController.swift */,
				01CA132D232B9B8300441423 /* TagView.swift */,
			);
			path = Tag;
			sourceTree = "<group>";
		};
		01F8AEF5232AF395009CCAE1 /* Cloud */ = {
			isa = PBXGroup;
			children = (
				01F8AF03232B0EC1009CCAE1 /* CloudConfiguration.swift */,
				01F8AEF6232AF3A7009CCAE1 /* CloudService.swift */,
				01F8AEFA232AF58E009CCAE1 /* CloudRequest.swift */,
				01F8AEF8232AF4A8009CCAE1 /* HTTPMethod.swift */,
			);
			path = Cloud;
			sourceTree = "<group>";
		};
		01F8AF05232B2614009CCAE1 /* Tag */ = {
			isa = PBXGroup;
			children = (
				01F8AEF3232AEA63009CCAE1 /* Tag.swift */,
				01F8AF06232B2623009CCAE1 /* TagService.swift */,
			);
			path = Tag;
			sourceTree = "<group>";
		};
/* End PBXGroup section */

/* Begin PBXNativeTarget section */
		0104BCF3232ADC1600B48B80 /* TronaldDump */ = {
			isa = PBXNativeTarget;
			buildConfigurationList = 0104BD13232ADC1900B48B80 /* Build configuration list for PBXNativeTarget "TronaldDump" */;
			buildPhases = (
				0104BCF0232ADC1600B48B80 /* Sources */,
				0104BCF1232ADC1600B48B80 /* Frameworks */,
				0104BCF2232ADC1600B48B80 /* Resources */,
			);
			buildRules = (
			);
			dependencies = (
			);
			name = TronaldDump;
			productName = TronaldDump;
			productReference = 0104BCF4232ADC1600B48B80 /* TronaldDump.app */;
			productType = "com.apple.product-type.application";
		};
		0104BD09232ADC1900B48B80 /* TronaldDumpTests */ = {
			isa = PBXNativeTarget;
			buildConfigurationList = 0104BD16232ADC1900B48B80 /* Build configuration list for PBXNativeTarget "TronaldDumpTests" */;
			buildPhases = (
				0104BD06232ADC1900B48B80 /* Sources */,
				0104BD07232ADC1900B48B80 /* Frameworks */,
				0104BD08232ADC1900B48B80 /* Resources */,
			);
			buildRules = (
			);
			dependencies = (
				0104BD0C232ADC1900B48B80 /* PBXTargetDependency */,
			);
			name = TronaldDumpTests;
			productName = TronaldDumpTests;
			productReference = 0104BD0A232ADC1900B48B80 /* TronaldDumpTests.xctest */;
			productType = "com.apple.product-type.bundle.unit-test";
		};
/* End PBXNativeTarget section */

/* Begin PBXProject section */
		0104BCEC232ADC1600B48B80 /* Project object */ = {
			isa = PBXProject;
			attributes = {
				LastSwiftUpdateCheck = 1100;
				LastUpgradeCheck = 1100;
				ORGANIZATIONNAME = "Arman Arutyunov";
				TargetAttributes = {
					0104BCF3232ADC1600B48B80 = {
						CreatedOnToolsVersion = 11.0;
					};
					0104BD09232ADC1900B48B80 = {
						CreatedOnToolsVersion = 11.0;
						TestTargetID = 0104BCF3232ADC1600B48B80;
					};
				};
			};
			buildConfigurationList = 0104BCEF232ADC1600B48B80 /* Build configuration list for PBXProject "TronaldDump" */;
			compatibilityVersion = "Xcode 9.3";
			developmentRegion = en;
			hasScannedForEncodings = 0;
			knownRegions = (
				en,
				Base,
			);
			mainGroup = 0104BCEB232ADC1600B48B80;
			productRefGroup = 0104BCF5232ADC1600B48B80 /* Products */;
			projectDirPath = "";
			projectRoot = "";
			targets = (
				0104BCF3232ADC1600B48B80 /* TronaldDump */,
				0104BD09232ADC1900B48B80 /* TronaldDumpTests */,
			);
		};
/* End PBXProject section */

/* Begin PBXResourcesBuildPhase section */
		0104BCF2232ADC1600B48B80 /* Resources */ = {
			isa = PBXResourcesBuildPhase;
			buildActionMask = 2147483647;
			files = (
				0104BD04232ADC1900B48B80 /* LaunchScreen.storyboard in Resources */,
				0104BD01232ADC1900B48B80 /* Assets.xcassets in Resources */,
			);
			runOnlyForDeploymentPostprocessing = 0;
		};
		0104BD08232ADC1900B48B80 /* Resources */ = {
			isa = PBXResourcesBuildPhase;
			buildActionMask = 2147483647;
			files = (
			);
			runOnlyForDeploymentPostprocessing = 0;
		};
/* End PBXResourcesBuildPhase section */

/* Begin PBXSourcesBuildPhase section */
		0104BCF0232ADC1600B48B80 /* Sources */ = {
			isa = PBXSourcesBuildPhase;
			buildActionMask = 2147483647;
			files = (
				0104BD2F232ADED300B48B80 /* TagListViewModel.swift in Sources */,
				01F8AF07232B2623009CCAE1 /* TagService.swift in Sources */,
				0104BD33232ADF6E00B48B80 /* TagListView.swift in Sources */,
				01F8AF02232B0D0A009CCAE1 /* URLExtensions.swift in Sources */,
				01F8AEFB232AF58E009CCAE1 /* CloudRequest.swift in Sources */,
				0104BD24232ADD3D00B48B80 /* ServiceContainer.swift in Sources */,
				0104BD2C232ADE3A00B48B80 /* Coordinator.swift in Sources */,
				01F8AEF4232AEA63009CCAE1 /* Tag.swift in Sources */,
				0104BCF8232ADC1700B48B80 /* AppDelegate.swift in Sources */,
				01CA132A232B9B5200441423 /* TagViewModel.swift in Sources */,
				01F8AF04232B0EC1009CCAE1 /* CloudConfiguration.swift in Sources */,
				0104BD31232ADF1A00B48B80 /* TagListViewController.swift in Sources */,
				01CA132C232B9B6A00441423 /* TagViewController.swift in Sources */,
				01F8AEF9232AF4A8009CCAE1 /* HTTPMethod.swift in Sources */,
				01F8AEF7232AF3A7009CCAE1 /* CloudService.swift in Sources */,
				01CA132E232B9B8300441423 /* TagView.swift in Sources */,
			);
			runOnlyForDeploymentPostprocessing = 0;
		};
		0104BD06232ADC1900B48B80 /* Sources */ = {
			isa = PBXSourcesBuildPhase;
			buildActionMask = 2147483647;
			files = (
				0104BD0F232ADC1900B48B80 /* TronaldDumpTests.swift in Sources */,
			);
			runOnlyForDeploymentPostprocessing = 0;
		};
/* End PBXSourcesBuildPhase section */

/* Begin PBXTargetDependency section */
		0104BD0C232ADC1900B48B80 /* PBXTargetDependency */ = {
			isa = PBXTargetDependency;
			target = 0104BCF3232ADC1600B48B80 /* TronaldDump */;
			targetProxy = 0104BD0B232ADC1900B48B80 /* PBXContainerItemProxy */;
		};
/* End PBXTargetDependency section */

/* Begin PBXVariantGroup section */
		0104BD02232ADC1900B48B80 /* LaunchScreen.storyboard */ = {
			isa = PBXVariantGroup;
			children = (
				0104BD03232ADC1900B48B80 /* Base */,
			);
			name = LaunchScreen.storyboard;
			sourceTree = "<group>";
		};
/* End PBXVariantGroup section */

/* Begin XCBuildConfiguration section */
		0104BD11232ADC1900B48B80 /* Debug */ = {
			isa = XCBuildConfiguration;
			buildSettings = {
				ALWAYS_SEARCH_USER_PATHS = NO;
				CLANG_ANALYZER_NONNULL = YES;
				CLANG_ANALYZER_NUMBER_OBJECT_CONVERSION = YES_AGGRESSIVE;
				CLANG_CXX_LANGUAGE_STANDARD = "gnu++14";
				CLANG_CXX_LIBRARY = "libc++";
				CLANG_ENABLE_MODULES = YES;
				CLANG_ENABLE_OBJC_ARC = YES;
				CLANG_ENABLE_OBJC_WEAK = YES;
				CLANG_WARN_BLOCK_CAPTURE_AUTORELEASING = YES;
				CLANG_WARN_BOOL_CONVERSION = YES;
				CLANG_WARN_COMMA = YES;
				CLANG_WARN_CONSTANT_CONVERSION = YES;
				CLANG_WARN_DEPRECATED_OBJC_IMPLEMENTATIONS = YES;
				CLANG_WARN_DIRECT_OBJC_ISA_USAGE = YES_ERROR;
				CLANG_WARN_DOCUMENTATION_COMMENTS = YES;
				CLANG_WARN_EMPTY_BODY = YES;
				CLANG_WARN_ENUM_CONVERSION = YES;
				CLANG_WARN_INFINITE_RECURSION = YES;
				CLANG_WARN_INT_CONVERSION = YES;
				CLANG_WARN_NON_LITERAL_NULL_CONVERSION = YES;
				CLANG_WARN_OBJC_IMPLICIT_RETAIN_SELF = YES;
				CLANG_WARN_OBJC_LITERAL_CONVERSION = YES;
				CLANG_WARN_OBJC_ROOT_CLASS = YES_ERROR;
				CLANG_WARN_RANGE_LOOP_ANALYSIS = YES;
				CLANG_WARN_STRICT_PROTOTYPES = YES;
				CLANG_WARN_SUSPICIOUS_MOVE = YES;
				CLANG_WARN_UNGUARDED_AVAILABILITY = YES_AGGRESSIVE;
				CLANG_WARN_UNREACHABLE_CODE = YES;
				CLANG_WARN__DUPLICATE_METHOD_MATCH = YES;
				COPY_PHASE_STRIP = NO;
				DEBUG_INFORMATION_FORMAT = dwarf;
				ENABLE_STRICT_OBJC_MSGSEND = YES;
				ENABLE_TESTABILITY = YES;
				GCC_C_LANGUAGE_STANDARD = gnu11;
				GCC_DYNAMIC_NO_PIC = NO;
				GCC_NO_COMMON_BLOCKS = YES;
				GCC_OPTIMIZATION_LEVEL = 0;
				GCC_PREPROCESSOR_DEFINITIONS = (
					"DEBUG=1",
					"$(inherited)",
				);
				GCC_WARN_64_TO_32_BIT_CONVERSION = YES;
				GCC_WARN_ABOUT_RETURN_TYPE = YES_ERROR;
				GCC_WARN_UNDECLARED_SELECTOR = YES;
				GCC_WARN_UNINITIALIZED_AUTOS = YES_AGGRESSIVE;
				GCC_WARN_UNUSED_FUNCTION = YES;
				GCC_WARN_UNUSED_VARIABLE = YES;
				IPHONEOS_DEPLOYMENT_TARGET = 10.0;
				MTL_ENABLE_DEBUG_INFO = INCLUDE_SOURCE;
				MTL_FAST_MATH = YES;
				ONLY_ACTIVE_ARCH = YES;
				SDKROOT = iphoneos;
				SWIFT_ACTIVE_COMPILATION_CONDITIONS = DEBUG;
				SWIFT_OPTIMIZATION_LEVEL = "-Onone";
			};
			name = Debug;
		};
		0104BD12232ADC1900B48B80 /* Release */ = {
			isa = XCBuildConfiguration;
			buildSettings = {
				ALWAYS_SEARCH_USER_PATHS = NO;
				CLANG_ANALYZER_NONNULL = YES;
				CLANG_ANALYZER_NUMBER_OBJECT_CONVERSION = YES_AGGRESSIVE;
				CLANG_CXX_LANGUAGE_STANDARD = "gnu++14";
				CLANG_CXX_LIBRARY = "libc++";
				CLANG_ENABLE_MODULES = YES;
				CLANG_ENABLE_OBJC_ARC = YES;
				CLANG_ENABLE_OBJC_WEAK = YES;
				CLANG_WARN_BLOCK_CAPTURE_AUTORELEASING = YES;
				CLANG_WARN_BOOL_CONVERSION = YES;
				CLANG_WARN_COMMA = YES;
				CLANG_WARN_CONSTANT_CONVERSION = YES;
				CLANG_WARN_DEPRECATED_OBJC_IMPLEMENTATIONS = YES;
				CLANG_WARN_DIRECT_OBJC_ISA_USAGE = YES_ERROR;
				CLANG_WARN_DOCUMENTATION_COMMENTS = YES;
				CLANG_WARN_EMPTY_BODY = YES;
				CLANG_WARN_ENUM_CONVERSION = YES;
				CLANG_WARN_INFINITE_RECURSION = YES;
				CLANG_WARN_INT_CONVERSION = YES;
				CLANG_WARN_NON_LITERAL_NULL_CONVERSION = YES;
				CLANG_WARN_OBJC_IMPLICIT_RETAIN_SELF = YES;
				CLANG_WARN_OBJC_LITERAL_CONVERSION = YES;
				CLANG_WARN_OBJC_ROOT_CLASS = YES_ERROR;
				CLANG_WARN_RANGE_LOOP_ANALYSIS = YES;
				CLANG_WARN_STRICT_PROTOTYPES = YES;
				CLANG_WARN_SUSPICIOUS_MOVE = YES;
				CLANG_WARN_UNGUARDED_AVAILABILITY = YES_AGGRESSIVE;
				CLANG_WARN_UNREACHABLE_CODE = YES;
				CLANG_WARN__DUPLICATE_METHOD_MATCH = YES;
				COPY_PHASE_STRIP = NO;
				DEBUG_INFORMATION_FORMAT = "dwarf-with-dsym";
				ENABLE_NS_ASSERTIONS = NO;
				ENABLE_STRICT_OBJC_MSGSEND = YES;
				GCC_C_LANGUAGE_STANDARD = gnu11;
				GCC_NO_COMMON_BLOCKS = YES;
				GCC_WARN_64_TO_32_BIT_CONVERSION = YES;
				GCC_WARN_ABOUT_RETURN_TYPE = YES_ERROR;
				GCC_WARN_UNDECLARED_SELECTOR = YES;
				GCC_WARN_UNINITIALIZED_AUTOS = YES_AGGRESSIVE;
				GCC_WARN_UNUSED_FUNCTION = YES;
				GCC_WARN_UNUSED_VARIABLE = YES;
				IPHONEOS_DEPLOYMENT_TARGET = 10.0;
				MTL_ENABLE_DEBUG_INFO = NO;
				MTL_FAST_MATH = YES;
				SDKROOT = iphoneos;
				SWIFT_COMPILATION_MODE = wholemodule;
				SWIFT_OPTIMIZATION_LEVEL = "-O";
				VALIDATE_PRODUCT = YES;
			};
			name = Release;
		};
		0104BD14232ADC1900B48B80 /* Debug */ = {
			isa = XCBuildConfiguration;
			buildSettings = {
				ASSETCATALOG_COMPILER_APPICON_NAME = AppIcon;
				CODE_SIGN_STYLE = Automatic;
				DEVELOPMENT_TEAM = 42934LX6SX;
				INFOPLIST_FILE = TronaldDump/Configuration/Info.plist;
				LD_RUNPATH_SEARCH_PATHS = (
					"$(inherited)",
					"@executable_path/Frameworks",
				);
				PRODUCT_BUNDLE_IDENTIFIER = com.armanarutyunov.TronaldDump;
				PRODUCT_NAME = "$(TARGET_NAME)";
				SWIFT_VERSION = 5.0;
				TARGETED_DEVICE_FAMILY = 1;
			};
			name = Debug;
		};
		0104BD15232ADC1900B48B80 /* Release */ = {
			isa = XCBuildConfiguration;
			buildSettings = {
				ASSETCATALOG_COMPILER_APPICON_NAME = AppIcon;
				CODE_SIGN_STYLE = Automatic;
				DEVELOPMENT_TEAM = 42934LX6SX;
				INFOPLIST_FILE = TronaldDump/Configuration/Info.plist;
				LD_RUNPATH_SEARCH_PATHS = (
					"$(inherited)",
					"@executable_path/Frameworks",
				);
				PRODUCT_BUNDLE_IDENTIFIER = com.armanarutyunov.TronaldDump;
				PRODUCT_NAME = "$(TARGET_NAME)";
				SWIFT_VERSION = 5.0;
				TARGETED_DEVICE_FAMILY = 1;
			};
			name = Release;
		};
		0104BD17232ADC1900B48B80 /* Debug */ = {
			isa = XCBuildConfiguration;
			buildSettings = {
				ALWAYS_EMBED_SWIFT_STANDARD_LIBRARIES = YES;
				BUNDLE_LOADER = "$(TEST_HOST)";
				CODE_SIGN_STYLE = Automatic;
				DEVELOPMENT_TEAM = 42934LX6SX;
				INFOPLIST_FILE = TronaldDumpTests/Info.plist;
				IPHONEOS_DEPLOYMENT_TARGET = 13.0;
				LD_RUNPATH_SEARCH_PATHS = (
					"$(inherited)",
					"@executable_path/Frameworks",
					"@loader_path/Frameworks",
				);
				PRODUCT_BUNDLE_IDENTIFIER = com.armanarutyunov.TronaldDumpTests;
				PRODUCT_NAME = "$(TARGET_NAME)";
				SWIFT_VERSION = 5.0;
				TARGETED_DEVICE_FAMILY = "1,2";
				TEST_HOST = "$(BUILT_PRODUCTS_DIR)/TronaldDump.app/TronaldDump";
			};
			name = Debug;
		};
		0104BD18232ADC1900B48B80 /* Release */ = {
			isa = XCBuildConfiguration;
			buildSettings = {
				ALWAYS_EMBED_SWIFT_STANDARD_LIBRARIES = YES;
				BUNDLE_LOADER = "$(TEST_HOST)";
				CODE_SIGN_STYLE = Automatic;
				DEVELOPMENT_TEAM = 42934LX6SX;
				INFOPLIST_FILE = TronaldDumpTests/Info.plist;
				IPHONEOS_DEPLOYMENT_TARGET = 13.0;
				LD_RUNPATH_SEARCH_PATHS = (
					"$(inherited)",
					"@executable_path/Frameworks",
					"@loader_path/Frameworks",
				);
				PRODUCT_BUNDLE_IDENTIFIER = com.armanarutyunov.TronaldDumpTests;
				PRODUCT_NAME = "$(TARGET_NAME)";
				SWIFT_VERSION = 5.0;
				TARGETED_DEVICE_FAMILY = "1,2";
				TEST_HOST = "$(BUILT_PRODUCTS_DIR)/TronaldDump.app/TronaldDump";
			};
			name = Release;
		};
/* End XCBuildConfiguration section */

/* Begin XCConfigurationList section */
		0104BCEF232ADC1600B48B80 /* Build configuration list for PBXProject "TronaldDump" */ = {
			isa = XCConfigurationList;
			buildConfigurations = (
				0104BD11232ADC1900B48B80 /* Debug */,
				0104BD12232ADC1900B48B80 /* Release */,
			);
			defaultConfigurationIsVisible = 0;
			defaultConfigurationName = Release;
		};
		0104BD13232ADC1900B48B80 /* Build configuration list for PBXNativeTarget "TronaldDump" */ = {
			isa = XCConfigurationList;
			buildConfigurations = (
				0104BD14232ADC1900B48B80 /* Debug */,
				0104BD15232ADC1900B48B80 /* Release */,
			);
			defaultConfigurationIsVisible = 0;
			defaultConfigurationName = Release;
		};
		0104BD16232ADC1900B48B80 /* Build configuration list for PBXNativeTarget "TronaldDumpTests" */ = {
			isa = XCConfigurationList;
			buildConfigurations = (
				0104BD17232ADC1900B48B80 /* Debug */,
				0104BD18232ADC1900B48B80 /* Release */,
			);
			defaultConfigurationIsVisible = 0;
			defaultConfigurationName = Release;
		};
/* End XCConfigurationList section */
	};
	rootObject = 0104BCEC232ADC1600B48B80 /* Project object */;
}
